PODS:
  - connectivity_plus (0.0.1):
    - Flutter
    - ReachabilitySwift
  - Flutter (1.0.0)
  - flutter_native_splash (0.0.1):
    - Flutter
  - image_picker_ios (0.0.1):
    - Flutter
  - in_app_purchase_storekit (0.0.1):
    - Flutter
  - MTBBarcodeScanner (5.0.11)
  - package_info (0.0.1):
    - Flutter
  - path_provider_ios (0.0.1):
    - Flutter
  - qr_code_scanner (0.2.0):
    - Flutter
    - MTBBarcodeScanner
  - ReachabilitySwift (5.0.0)
  - share_plus (0.0.1):
    - Flutter
  - url_launcher_ios (0.0.1):
    - Flutter
  - wakelock (0.0.1):
    - Flutter
  - webview_flutter_wkwebview (0.0.1):
    - Flutter

DEPENDENCIES:
  - connectivity_plus (from `.symlinks/plugins/connectivity_plus/ios`)
  - Flutter (from `Flutter`)
  - flutter_native_splash (from `.symlinks/plugins/flutter_native_splash/ios`)
  - image_picker_ios (from `.symlinks/plugins/image_picker_ios/ios`)
  - in_app_purchase_storekit (from `.symlinks/plugins/in_app_purchase_storekit/ios`)
  - package_info (from `.symlinks/plugins/package_info/ios`)
  - path_provider_ios (from `.symlinks/plugins/path_provider_ios/ios`)
  - qr_code_scanner (from `.symlinks/plugins/qr_code_scanner/ios`)
  - share_plus (from `.symlinks/plugins/share_plus/ios`)
  - url_launcher_ios (from `.symlinks/plugins/url_launcher_ios/ios`)
  - wakelock (from `.symlinks/plugins/wakelock/ios`)
  - webview_flutter_wkwebview (from `.symlinks/plugins/webview_flutter_wkwebview/ios`)

SPEC REPOS:
  trunk:
    - MTBBarcodeScanner
    - ReachabilitySwift

EXTERNAL SOURCES:
  connectivity_plus:
    :path: ".symlinks/plugins/connectivity_plus/ios"
  Flutter:
    :path: Flutter
  flutter_native_splash:
    :path: ".symlinks/plugins/flutter_native_splash/ios"
  image_picker_ios:
    :path: ".symlinks/plugins/image_picker_ios/ios"
  in_app_purchase_storekit:
    :path: ".symlinks/plugins/in_app_purchase_storekit/ios"
  package_info:
    :path: ".symlinks/plugins/package_info/ios"
  path_provider_ios:
    :path: ".symlinks/plugins/path_provider_ios/ios"
  qr_code_scanner:
    :path: ".symlinks/plugins/qr_code_scanner/ios"
  share_plus:
    :path: ".symlinks/plugins/share_plus/ios"
  url_launcher_ios:
    :path: ".symlinks/plugins/url_launcher_ios/ios"
  wakelock:
    :path: ".symlinks/plugins/wakelock/ios"
  webview_flutter_wkwebview:
    :path: ".symlinks/plugins/webview_flutter_wkwebview/ios"

SPEC CHECKSUMS:
  connectivity_plus: 413a8857dd5d9f1c399a39130850d02fe0feaf7e
  Flutter: f04841e97a9d0b0a8025694d0796dd46242b2854
  flutter_native_splash: 52501b97d1c0a5f898d687f1646226c1f93c56ef
  image_picker_ios: b786a5dcf033a8336a657191401bfdf12017dabb
  in_app_purchase_storekit: d7fcf4646136ec258e237872755da8ea6c1b6096
  MTBBarcodeScanner: f453b33c4b7dfe545d8c6484ed744d55671788cb
  package_info: 873975fc26034f0b863a300ad47e7f1ac6c7ec62
  path_provider_ios: 14f3d2fd28c4fdb42f44e0f751d12861c43cee02
  qr_code_scanner: bb67d64904c3b9658ada8c402e8b4d406d5d796e
  ReachabilitySwift: 985039c6f7b23a1da463388634119492ff86c825
  share_plus: 056a1e8ac890df3e33cb503afffaf1e9b4fbae68
  url_launcher_ios: 839c58cdb4279282219f5e248c3321761ff3c4de
  wakelock: d0fc7c864128eac40eba1617cb5264d9c940b46f
  webview_flutter_wkwebview: b7e70ef1ddded7e69c796c7390ee74180182971f

PODFILE CHECKSUM: ef19549a9bc3046e7bb7d2fab4d021637c0c58a3

COCOAPODS: 1.11.3
